
Microsoft Visual Studio Solution File, Format Version 12.00
# Visual Studio Version 16
VisualStudioVersion = 16.0.33130.400
MinimumVisualStudioVersion = 10.0.40219.1
Project("{FAE04EC0-301F-11D3-BF4B-00C04F79EFBC}") = "Bookstore", "Bookstore\Bookstore.csproj", "{D88CDD58-8C63-422A-B0B9-53531D06FF17}"
EndProject
Global
	GlobalSection(SolutionConfigurationPlatforms) = preSolution
		Debug|Any CPU = Debug|Any CPU
		Release|Any CPU = Release|Any CPU
	EndGlobalSection
	GlobalSection(ProjectConfigurationPlatforms) = postSolution
		{D88CDD58-8C63-422A-B0B9-53531D06FF17}.Debug|Any CPU.ActiveCfg = Debug|Any CPU
		{D88CDD58-8C63-422A-B0B9-53531D06FF17}.Debug|Any CPU.Build.0 = Debug|Any CPU
		{D88CDD58-8C63-422A-B0B9-53531D06FF17}.Release|Any CPU.ActiveCfg = Release|Any CPU
		{D88CDD58-8C63-422A-B0B9-53531D06FF17}.Release|Any CPU.Build.0 = Release|Any CPU
	EndGlobalSection
	GlobalSection(SolutionProperties) = preSolution
		HideSolutionNode = FALSE
	EndGlobalSection
	GlobalSection(ExtensibilityGlobals) = postSolution
		SolutionGuid = {0E4AC580-9C13-4D3B-AFD2-7EFCA6DDB20F}
	EndGlobalSection
EndGlobal
